# This file is automatically @generated by Cargo.
# It is not intended for manual editing.
version = 4

[[package]]
name = "omnish-client"
version = "0.1.0"

[[package]]
name = "omnish-common"
version = "0.1.0"

[[package]]
name = "omnish-daemon"
version = "0.1.0"

[[package]]
name = "omnish-llm"
version = "0.1.0"

[[package]]
name = "omnish-protocol"
version = "0.1.0"

[[package]]
name = "omnish-pty"
version = "0.1.0"

[[package]]
name = "omnish-store"
version = "0.1.0"

[[package]]
name = "omnish-transport"
version = "0.1.0"
